# THIS IS AN AUTOGENERATED FILE. DO NOT EDIT THIS FILE DIRECTLY.
# yarn lockfile v1


prisma2@^2.0.0-alpha.751:
  version "2.0.0-alpha.751"
  resolved "https://registry.yarnpkg.com/prisma2/-/prisma2-2.0.0-alpha.751.tgz#012e9acb1e0f21cfa06843f3b0e51e817fe9a044"
  integrity sha512-KVjRZKJnKPN+2Gr5mrSk+LY7a0TFTtUiDQ5iOctepKqugufXKOnOUzMtUjhSyO6uou/j2eSiC5s5ejjyGAM53A==
